# This file was autogenerated by Stack.
# You should not edit this file by hand.
# For more information, please see the documentation at:
#   https://docs.haskellstack.org/en/stable/lock_files

packages:
- completed:
    hackage: unagi-chan-0.4.0.0@sha256:51857268f1bbe2362b6fe177491cee4fffddc4e34ba6b47984ad9376e61fd02a,8893
    pantry-tree:
      size: 2286
      sha256: 399992235765b225e75ccc105d2867090acbf53068c7ce5af7b93760ad8b6a7e
  original:
    hackage: unagi-chan-0.4.0.0
snapshots:
- completed:
    size: 469970
    url: https://raw.githubusercontent.com/commercialhaskell/stackage-snapshots/master/lts/8/2.yaml
    sha256: bae03546114ba56e44d072b03442d31a997155966046cd07a17ef929b1990de6
  original: lts-8.2
